PODS:
  - boost (1.76.0)
  - DoubleConversion (1.1.6)
  - FBLazyVector (0.66.4)
  - FBReactNativeSpec (0.66.4):
    - RCT-Folly (= 2021.06.28.00-v2)
    - RCTRequired (= 0.66.4)
    - RCTTypeSafety (= 0.66.4)
    - React-Core (= 0.66.4)
    - React-jsi (= 0.66.4)
    - ReactCommon/turbomodule/core (= 0.66.4)
  - fmt (6.2.1)
  - glog (0.3.5)
  - Permission-AppTrackingTransparency (3.3.1):
    - RNPermissions
  - Permission-BluetoothPeripheral (3.3.1):
    - RNPermissions
  - Permission-Calendars (3.3.1):
    - RNPermissions
  - Permission-Camera (3.3.1):
    - RNPermissions
  - Permission-Contacts (3.3.1):
    - RNPermissions
  - Permission-FaceID (3.3.1):
    - RNPermissions
  - Permission-LocationAccuracy (3.3.1):
    - RNPermissions
  - Permission-LocationAlways (3.3.1):
    - RNPermissions
  - Permission-LocationWhenInUse (3.3.1):
    - RNPermissions
  - Permission-MediaLibrary (3.3.1):
    - RNPermissions
  - Permission-Microphone (3.3.1):
    - RNPermissions
  - Permission-Motion (3.3.1):
    - RNPermissions
  - Permission-Notifications (3.3.1):
    - RNPermissions
  - Permission-PhotoLibrary (3.3.1):
    - RNPermissions
  - Permission-PhotoLibraryAddOnly (3.3.1):
    - RNPermissions
  - Permission-Reminders (3.3.1):
    - RNPermissions
  - Permission-SpeechRecognition (3.3.1):
    - RNPermissions
  - Permission-StoreKit (3.3.1):
    - RNPermissions
  - RCT-Folly (2021.06.28.00-v2):
    - boost
    - DoubleConversion
    - fmt (~> 6.2.1)
    - glog
    - RCT-Folly/Default (= 2021.06.28.00-v2)
  - RCT-Folly/Default (2021.06.28.00-v2):
    - boost
    - DoubleConversion
    - fmt (~> 6.2.1)
    - glog
  - RCTRequired (0.66.4)
  - RCTTypeSafety (0.66.4):
    - FBLazyVector (= 0.66.4)
    - RCT-Folly (= 2021.06.28.00-v2)
    - RCTRequired (= 0.66.4)
    - React-Core (= 0.66.4)
  - React (0.66.4):
    - React-Core (= 0.66.4)
    - React-Core/DevSupport (= 0.66.4)
    - React-Core/RCTWebSocket (= 0.66.4)
    - React-RCTActionSheet (= 0.66.4)
    - React-RCTAnimation (= 0.66.4)
    - React-RCTBlob (= 0.66.4)
    - React-RCTImage (= 0.66.4)
    - React-RCTLinking (= 0.66.4)
    - React-RCTNetwork (= 0.66.4)
    - React-RCTSettings (= 0.66.4)
    - React-RCTText (= 0.66.4)
    - React-RCTVibration (= 0.66.4)
  - React-callinvoker (0.66.4)
  - React-Core (0.66.4):
    - glog
    - RCT-Folly (= 2021.06.28.00-v2)
    - React-Core/Default (= 0.66.4)
    - React-cxxreact (= 0.66.4)
    - React-jsi (= 0.66.4)
    - React-jsiexecutor (= 0.66.4)
    - React-perflogger (= 0.66.4)
    - Yoga
  - React-Core/CoreModulesHeaders (0.66.4):
    - glog
    - RCT-Folly (= 2021.06.28.00-v2)
    - React-Core/Default
    - React-cxxreact (= 0.66.4)
    - React-jsi (= 0.66.4)
    - React-jsiexecutor (= 0.66.4)
    - React-perflogger (= 0.66.4)
    - Yoga
  - React-Core/Default (0.66.4):
    - glog
    - RCT-Folly (= 2021.06.28.00-v2)
    - React-cxxreact (= 0.66.4)
    - React-jsi (= 0.66.4)
    - React-jsiexecutor (= 0.66.4)
    - React-perflogger (= 0.66.4)
    - Yoga
  - React-Core/DevSupport (0.66.4):
    - glog
    - RCT-Folly (= 2021.06.28.00-v2)
    - React-Core/Default (= 0.66.4)
    - React-Core/RCTWebSocket (= 0.66.4)
    - React-cxxreact (= 0.66.4)
    - React-jsi (= 0.66.4)
    - React-jsiexecutor (= 0.66.4)
    - React-jsinspector (= 0.66.4)
    - React-perflogger (= 0.66.4)
    - Yoga
  - React-Core/RCTActionSheetHeaders (0.66.4):
    - glog
    - RCT-Folly (= 2021.06.28.00-v2)
    - React-Core/Default
    - React-cxxreact (= 0.66.4)
    - React-jsi (= 0.66.4)
    - React-jsiexecutor (= 0.66.4)
    - React-perflogger (= 0.66.4)
    - Yoga
  - React-Core/RCTAnimationHeaders (0.66.4):
    - glog
    - RCT-Folly (= 2021.06.28.00-v2)
    - React-Core/Default
    - React-cxxreact (= 0.66.4)
    - React-jsi (= 0.66.4)
    - React-jsiexecutor (= 0.66.4)
    - React-perflogger (= 0.66.4)
    - Yoga
  - React-Core/RCTBlobHeaders (0.66.4):
    - glog
    - RCT-Folly (= 2021.06.28.00-v2)
    - React-Core/Default
    - React-cxxreact (= 0.66.4)
    - React-jsi (= 0.66.4)
    - React-jsiexecutor (= 0.66.4)
    - React-perflogger (= 0.66.4)
    - Yoga
  - React-Core/RCTImageHeaders (0.66.4):
    - glog
    - RCT-Folly (= 2021.06.28.00-v2)
    - React-Core/Default
    - React-cxxreact (= 0.66.4)
    - React-jsi (= 0.66.4)
    - React-jsiexecutor (= 0.66.4)
    - React-perflogger (= 0.66.4)
    - Yoga
  - React-Core/RCTLinkingHeaders (0.66.4):
    - glog
    - RCT-Folly (= 2021.06.28.00-v2)
    - React-Core/Default
    - React-cxxreact (= 0.66.4)
    - React-jsi (= 0.66.4)
    - React-jsiexecutor (= 0.66.4)
    - React-perflogger (= 0.66.4)
    - Yoga
  - React-Core/RCTNetworkHeaders (0.66.4):
    - glog
    - RCT-Folly (= 2021.06.28.00-v2)
    - React-Core/Default
    - React-cxxreact (= 0.66.4)
    - React-jsi (= 0.66.4)
    - React-jsiexecutor (= 0.66.4)
    - React-perflogger (= 0.66.4)
    - Yoga
  - React-Core/RCTSettingsHeaders (0.66.4):
    - glog
    - RCT-Folly (= 2021.06.28.00-v2)
    - React-Core/Default
    - React-cxxreact (= 0.66.4)
    - React-jsi (= 0.66.4)
    - React-jsiexecutor (= 0.66.4)
    - React-perflogger (= 0.66.4)
    - Yoga
  - React-Core/RCTTextHeaders (0.66.4):
    - glog
    - RCT-Folly (= 2021.06.28.00-v2)
    - React-Core/Default
    - React-cxxreact (= 0.66.4)
    - React-jsi (= 0.66.4)
    - React-jsiexecutor (= 0.66.4)
    - React-perflogger (= 0.66.4)
    - Yoga
  - React-Core/RCTVibrationHeaders (0.66.4):
    - glog
    - RCT-Folly (= 2021.06.28.00-v2)
    - React-Core/Default
    - React-cxxreact (= 0.66.4)
    - React-jsi (= 0.66.4)
    - React-jsiexecutor (= 0.66.4)
    - React-perflogger (= 0.66.4)
    - Yoga
  - React-Core/RCTWebSocket (0.66.4):
    - glog
    - RCT-Folly (= 2021.06.28.00-v2)
    - React-Core/Default (= 0.66.4)
    - React-cxxreact (= 0.66.4)
    - React-jsi (= 0.66.4)
    - React-jsiexecutor (= 0.66.4)
    - React-perflogger (= 0.66.4)
    - Yoga
  - React-CoreModules (0.66.4):
    - FBReactNativeSpec (= 0.66.4)
    - RCT-Folly (= 2021.06.28.00-v2)
    - RCTTypeSafety (= 0.66.4)
    - React-Core/CoreModulesHeaders (= 0.66.4)
    - React-jsi (= 0.66.4)
    - React-RCTImage (= 0.66.4)
    - ReactCommon/turbomodule/core (= 0.66.4)
  - React-cxxreact (0.66.4):
    - boost (= 1.76.0)
    - DoubleConversion
    - glog
    - RCT-Folly (= 2021.06.28.00-v2)
    - React-callinvoker (= 0.66.4)
    - React-jsi (= 0.66.4)
    - React-jsinspector (= 0.66.4)
    - React-logger (= 0.66.4)
    - React-perflogger (= 0.66.4)
    - React-runtimeexecutor (= 0.66.4)
  - React-jsi (0.66.4):
    - boost (= 1.76.0)
    - DoubleConversion
    - glog
    - RCT-Folly (= 2021.06.28.00-v2)
    - React-jsi/Default (= 0.66.4)
  - React-jsi/Default (0.66.4):
    - boost (= 1.76.0)
    - DoubleConversion
    - glog
    - RCT-Folly (= 2021.06.28.00-v2)
  - React-jsiexecutor (0.66.4):
    - DoubleConversion
    - glog
    - RCT-Folly (= 2021.06.28.00-v2)
    - React-cxxreact (= 0.66.4)
    - React-jsi (= 0.66.4)
    - React-perflogger (= 0.66.4)
  - React-jsinspector (0.66.4)
  - React-logger (0.66.4):
    - glog
  - React-perflogger (0.66.4)
  - React-RCTActionSheet (0.66.4):
    - React-Core/RCTActionSheetHeaders (= 0.66.4)
  - React-RCTAnimation (0.66.4):
    - FBReactNativeSpec (= 0.66.4)
    - RCT-Folly (= 2021.06.28.00-v2)
    - RCTTypeSafety (= 0.66.4)
    - React-Core/RCTAnimationHeaders (= 0.66.4)
    - React-jsi (= 0.66.4)
    - ReactCommon/turbomodule/core (= 0.66.4)
  - React-RCTBlob (0.66.4):
    - FBReactNativeSpec (= 0.66.4)
    - RCT-Folly (= 2021.06.28.00-v2)
    - React-Core/RCTBlobHeaders (= 0.66.4)
    - React-Core/RCTWebSocket (= 0.66.4)
    - React-jsi (= 0.66.4)
    - React-RCTNetwork (= 0.66.4)
    - ReactCommon/turbomodule/core (= 0.66.4)
  - React-RCTImage (0.66.4):
    - FBReactNativeSpec (= 0.66.4)
    - RCT-Folly (= 2021.06.28.00-v2)
    - RCTTypeSafety (= 0.66.4)
    - React-Core/RCTImageHeaders (= 0.66.4)
    - React-jsi (= 0.66.4)
    - React-RCTNetwork (= 0.66.4)
    - ReactCommon/turbomodule/core (= 0.66.4)
  - React-RCTLinking (0.66.4):
    - FBReactNativeSpec (= 0.66.4)
    - React-Core/RCTLinkingHeaders (= 0.66.4)
    - React-jsi (= 0.66.4)
    - ReactCommon/turbomodule/core (= 0.66.4)
  - React-RCTNetwork (0.66.4):
    - FBReactNativeSpec (= 0.66.4)
    - RCT-Folly (= 2021.06.28.00-v2)
    - RCTTypeSafety (= 0.66.4)
    - React-Core/RCTNetworkHeaders (= 0.66.4)
    - React-jsi (= 0.66.4)
    - ReactCommon/turbomodule/core (= 0.66.4)
  - React-RCTSettings (0.66.4):
    - FBReactNativeSpec (= 0.66.4)
    - RCT-Folly (= 2021.06.28.00-v2)
    - RCTTypeSafety (= 0.66.4)
    - React-Core/RCTSettingsHeaders (= 0.66.4)
    - React-jsi (= 0.66.4)
    - ReactCommon/turbomodule/core (= 0.66.4)
  - React-RCTText (0.66.4):
    - React-Core/RCTTextHeaders (= 0.66.4)
  - React-RCTVibration (0.66.4):
    - FBReactNativeSpec (= 0.66.4)
    - RCT-Folly (= 2021.06.28.00-v2)
    - React-Core/RCTVibrationHeaders (= 0.66.4)
    - React-jsi (= 0.66.4)
    - ReactCommon/turbomodule/core (= 0.66.4)
  - React-runtimeexecutor (0.66.4):
    - React-jsi (= 0.66.4)
  - ReactCommon/turbomodule/core (0.66.4):
    - DoubleConversion
    - glog
    - RCT-Folly (= 2021.06.28.00-v2)
    - React-callinvoker (= 0.66.4)
    - React-Core (= 0.66.4)
    - React-cxxreact (= 0.66.4)
    - React-jsi (= 0.66.4)
    - React-logger (= 0.66.4)
    - React-perflogger (= 0.66.4)
  - RNPermissions (3.3.1):
    - React-Core
  - RNVectorIcons (8.1.0):
    - React-Core
  - Yoga (1.14.0)

DEPENDENCIES:
  - boost (from `../node_modules/react-native/third-party-podspecs/boost.podspec`)
  - DoubleConversion (from `../node_modules/react-native/third-party-podspecs/DoubleConversion.podspec`)
  - FBLazyVector (from `../node_modules/react-native/Libraries/FBLazyVector`)
  - FBReactNativeSpec (from `../node_modules/react-native/React/FBReactNativeSpec`)
  - glog (from `../node_modules/react-native/third-party-podspecs/glog.podspec`)
  - Permission-AppTrackingTransparency (from `../node_modules/react-native-permissions/ios/AppTrackingTransparency`)
  - Permission-BluetoothPeripheral (from `../node_modules/react-native-permissions/ios/BluetoothPeripheral`)
  - Permission-Calendars (from `../node_modules/react-native-permissions/ios/Calendars`)
  - Permission-Camera (from `../node_modules/react-native-permissions/ios/Camera`)
  - Permission-Contacts (from `../node_modules/react-native-permissions/ios/Contacts`)
  - Permission-FaceID (from `../node_modules/react-native-permissions/ios/FaceID`)
  - Permission-LocationAccuracy (from `../node_modules/react-native-permissions/ios/LocationAccuracy`)
  - Permission-LocationAlways (from `../node_modules/react-native-permissions/ios/LocationAlways`)
  - Permission-LocationWhenInUse (from `../node_modules/react-native-permissions/ios/LocationWhenInUse`)
  - Permission-MediaLibrary (from `../node_modules/react-native-permissions/ios/MediaLibrary`)
  - Permission-Microphone (from `../node_modules/react-native-permissions/ios/Microphone`)
  - Permission-Motion (from `../node_modules/react-native-permissions/ios/Motion`)
  - Permission-Notifications (from `../node_modules/react-native-permissions/ios/Notifications`)
  - Permission-PhotoLibrary (from `../node_modules/react-native-permissions/ios/PhotoLibrary`)
  - Permission-PhotoLibraryAddOnly (from `../node_modules/react-native-permissions/ios/PhotoLibraryAddOnly`)
  - Permission-Reminders (from `../node_modules/react-native-permissions/ios/Reminders`)
  - Permission-SpeechRecognition (from `../node_modules/react-native-permissions/ios/SpeechRecognition`)
  - Permission-StoreKit (from `../node_modules/react-native-permissions/ios/StoreKit`)
  - RCT-Folly (from `../node_modules/react-native/third-party-podspecs/RCT-Folly.podspec`)
  - RCTRequired (from `../node_modules/react-native/Libraries/RCTRequired`)
  - RCTTypeSafety (from `../node_modules/react-native/Libraries/TypeSafety`)
  - React (from `../node_modules/react-native/`)
  - React-callinvoker (from `../node_modules/react-native/ReactCommon/callinvoker`)
  - React-Core (from `../node_modules/react-native/`)
  - React-Core/DevSupport (from `../node_modules/react-native/`)
  - React-Core/RCTWebSocket (from `../node_modules/react-native/`)
  - React-CoreModules (from `../node_modules/react-native/React/CoreModules`)
  - React-cxxreact (from `../node_modules/react-native/ReactCommon/cxxreact`)
  - React-jsi (from `../node_modules/react-native/ReactCommon/jsi`)
  - React-jsiexecutor (from `../node_modules/react-native/ReactCommon/jsiexecutor`)
  - React-jsinspector (from `../node_modules/react-native/ReactCommon/jsinspector`)
  - React-logger (from `../node_modules/react-native/ReactCommon/logger`)
  - React-perflogger (from `../node_modules/react-native/ReactCommon/reactperflogger`)
  - React-RCTActionSheet (from `../node_modules/react-native/Libraries/ActionSheetIOS`)
  - React-RCTAnimation (from `../node_modules/react-native/Libraries/NativeAnimation`)
  - React-RCTBlob (from `../node_modules/react-native/Libraries/Blob`)
  - React-RCTImage (from `../node_modules/react-native/Libraries/Image`)
  - React-RCTLinking (from `../node_modules/react-native/Libraries/LinkingIOS`)
  - React-RCTNetwork (from `../node_modules/react-native/Libraries/Network`)
  - React-RCTSettings (from `../node_modules/react-native/Libraries/Settings`)
  - React-RCTText (from `../node_modules/react-native/Libraries/Text`)
  - React-RCTVibration (from `../node_modules/react-native/Libraries/Vibration`)
  - React-runtimeexecutor (from `../node_modules/react-native/ReactCommon/runtimeexecutor`)
  - ReactCommon/turbomodule/core (from `../node_modules/react-native/ReactCommon`)
  - RNPermissions (from `../node_modules/react-native-permissions`)
  - RNVectorIcons (from `../node_modules/react-native-vector-icons`)
  - Yoga (from `../node_modules/react-native/ReactCommon/yoga`)

SPEC REPOS:
  trunk:
    - fmt

EXTERNAL SOURCES:
  boost:
    :podspec: "../node_modules/react-native/third-party-podspecs/boost.podspec"
  DoubleConversion:
    :podspec: "../node_modules/react-native/third-party-podspecs/DoubleConversion.podspec"
  FBLazyVector:
    :path: "../node_modules/react-native/Libraries/FBLazyVector"
  FBReactNativeSpec:
    :path: "../node_modules/react-native/React/FBReactNativeSpec"
  glog:
    :podspec: "../node_modules/react-native/third-party-podspecs/glog.podspec"
  Permission-AppTrackingTransparency:
    :path: "../node_modules/react-native-permissions/ios/AppTrackingTransparency"
  Permission-BluetoothPeripheral:
    :path: "../node_modules/react-native-permissions/ios/BluetoothPeripheral"
  Permission-Calendars:
    :path: "../node_modules/react-native-permissions/ios/Calendars"
  Permission-Camera:
    :path: "../node_modules/react-native-permissions/ios/Camera"
  Permission-Contacts:
    :path: "../node_modules/react-native-permissions/ios/Contacts"
  Permission-FaceID:
    :path: "../node_modules/react-native-permissions/ios/FaceID"
  Permission-LocationAccuracy:
    :path: "../node_modules/react-native-permissions/ios/LocationAccuracy"
  Permission-LocationAlways:
    :path: "../node_modules/react-native-permissions/ios/LocationAlways"
  Permission-LocationWhenInUse:
    :path: "../node_modules/react-native-permissions/ios/LocationWhenInUse"
  Permission-MediaLibrary:
    :path: "../node_modules/react-native-permissions/ios/MediaLibrary"
  Permission-Microphone:
    :path: "../node_modules/react-native-permissions/ios/Microphone"
  Permission-Motion:
    :path: "../node_modules/react-native-permissions/ios/Motion"
  Permission-Notifications:
    :path: "../node_modules/react-native-permissions/ios/Notifications"
  Permission-PhotoLibrary:
    :path: "../node_modules/react-native-permissions/ios/PhotoLibrary"
  Permission-PhotoLibraryAddOnly:
    :path: "../node_modules/react-native-permissions/ios/PhotoLibraryAddOnly"
  Permission-Reminders:
    :path: "../node_modules/react-native-permissions/ios/Reminders"
  Permission-SpeechRecognition:
    :path: "../node_modules/react-native-permissions/ios/SpeechRecognition"
  Permission-StoreKit:
    :path: "../node_modules/react-native-permissions/ios/StoreKit"
  RCT-Folly:
    :podspec: "../node_modules/react-native/third-party-podspecs/RCT-Folly.podspec"
  RCTRequired:
    :path: "../node_modules/react-native/Libraries/RCTRequired"
  RCTTypeSafety:
    :path: "../node_modules/react-native/Libraries/TypeSafety"
  React:
    :path: "../node_modules/react-native/"
  React-callinvoker:
    :path: "../node_modules/react-native/ReactCommon/callinvoker"
  React-Core:
    :path: "../node_modules/react-native/"
  React-CoreModules:
    :path: "../node_modules/react-native/React/CoreModules"
  React-cxxreact:
    :path: "../node_modules/react-native/ReactCommon/cxxreact"
  React-jsi:
    :path: "../node_modules/react-native/ReactCommon/jsi"
  React-jsiexecutor:
    :path: "../node_modules/react-native/ReactCommon/jsiexecutor"
  React-jsinspector:
    :path: "../node_modules/react-native/ReactCommon/jsinspector"
  React-logger:
    :path: "../node_modules/react-native/ReactCommon/logger"
  React-perflogger:
    :path: "../node_modules/react-native/ReactCommon/reactperflogger"
  React-RCTActionSheet:
    :path: "../node_modules/react-native/Libraries/ActionSheetIOS"
  React-RCTAnimation:
    :path: "../node_modules/react-native/Libraries/NativeAnimation"
  React-RCTBlob:
    :path: "../node_modules/react-native/Libraries/Blob"
  React-RCTImage:
    :path: "../node_modules/react-native/Libraries/Image"
  React-RCTLinking:
    :path: "../node_modules/react-native/Libraries/LinkingIOS"
  React-RCTNetwork:
    :path: "../node_modules/react-native/Libraries/Network"
  React-RCTSettings:
    :path: "../node_modules/react-native/Libraries/Settings"
  React-RCTText:
    :path: "../node_modules/react-native/Libraries/Text"
  React-RCTVibration:
    :path: "../node_modules/react-native/Libraries/Vibration"
  React-runtimeexecutor:
    :path: "../node_modules/react-native/ReactCommon/runtimeexecutor"
  ReactCommon:
    :path: "../node_modules/react-native/ReactCommon"
  RNPermissions:
    :path: "../node_modules/react-native-permissions"
  RNVectorIcons:
    :path: "../node_modules/react-native-vector-icons"
  Yoga:
    :path: "../node_modules/react-native/ReactCommon/yoga"

SPEC CHECKSUMS:
  boost: a7c83b31436843459a1961bfd74b96033dc77234
  DoubleConversion: 831926d9b8bf8166fd87886c4abab286c2422662
  FBLazyVector: e5569e42a1c79ca00521846c223173a57aca1fe1
  FBReactNativeSpec: fe08c1cd7e2e205718d77ad14b34957cce949b58
  fmt: ff9d55029c625d3757ed641535fd4a75fedc7ce9
  glog: 5337263514dd6f09803962437687240c5dc39aa4
  Permission-AppTrackingTransparency: 507f031f783885aad86f5754bd23edba587b2125
  Permission-BluetoothPeripheral: a408e2ba4b43e60c5a4b8b4d442bb8abc93394b2
  Permission-Calendars: 1a97703f804b86ece328f53fac3683f23ec0df1b
  Permission-Camera: bae27a8503530770c35aadfecbb97ec71823382a
  Permission-Contacts: 795936e988352bbf628334378eec5c3728db7140
  Permission-FaceID: 278547824ae3a5cae07050505e8a505932c3c5c4
  Permission-LocationAccuracy: 43d7a6b3d736a90168e9fc7117a721ca44722f83
  Permission-LocationAlways: fbf36cbdcabc3101f1168ad1ec45cfc5a6448cc4
  Permission-LocationWhenInUse: 006c85c8de0c05b5d8be8e8029e4f6b813270293
  Permission-MediaLibrary: cbc1ee191cf0fe73282d2b3f197714941783d99d
  Permission-Microphone: 13922195a81b9d46d2df8050c225006eae126d49
  Permission-Motion: db2cffebd72064294639959653f81175b1c1d354
  Permission-Notifications: 4b21cfdd5e8aab2cbb1f117aaa17b44e1f5736c4
  Permission-PhotoLibrary: ddb5a158725b29cb12e9e477e8a5f5151c66cc3c
  Permission-PhotoLibraryAddOnly: 104e42dbe894b0fccb370be26dd1b4a3c23578eb
  Permission-Reminders: e6c3190fd33fe2a088350533dfba8bc78c0632b3
  Permission-SpeechRecognition: fdab73ea6aec7103fef3ef8719194e9ef65dbb9e
  Permission-StoreKit: 49cd0d1d0cec7211b1a7fefb3a810f3caa89b992
  RCT-Folly: a21c126816d8025b547704b777a2ba552f3d9fa9
  RCTRequired: 4bf86c70714490bca4bf2696148638284622644b
  RCTTypeSafety: c475a7059eb77935fa53d2c17db299893f057d5d
  React: f64af14e3f2c50f6f2c91a5fd250e4ff1b3c3459
  React-callinvoker: b74e4ae80287780dcdf0cab262bcb581eeef56e7
  React-Core: 3eb7432bad96ff1d25aebc1defbae013fee2fd0e
  React-CoreModules: ad9e1fd5650e16666c57a08328df86fd7e480cb9
  React-cxxreact: 02633ff398cf7e91a2c1e12590d323c4a4b8668a
  React-jsi: 805c41a927d6499fb811772acb971467d9204633
  React-jsiexecutor: 94ce921e1d8ce7023366873ec371f3441383b396
  React-jsinspector: d0374f7509d407d2264168b6d0fad0b54e300b85
  React-logger: 933f80c97c633ee8965d609876848148e3fef438
  React-perflogger: 93075d8931c32cd1fce8a98c15d2d5ccc4d891bd
  React-RCTActionSheet: 7d3041e6761b4f3044a37079ddcb156575fb6d89
  React-RCTAnimation: 743e88b55ac62511ae5c2e22803d4f503f2a3a13
  React-RCTBlob: bee3a2f98fa7fc25c957c8643494244f74bea0a0
  React-RCTImage: 19fc9e29b06cc38611c553494f8d3040bf78c24e
  React-RCTLinking: dc799503979c8c711126d66328e7ce8f25c2848f
  React-RCTNetwork: 417e4e34cf3c19eaa5fd4e9eb20180d662a799ce
  React-RCTSettings: 4df89417265af26501a7e0e9192a34d3d9848dff
  React-RCTText: f8a21c3499ab322326290fa9b701ae29aa093aa5
  React-RCTVibration: e3ffca672dd3772536cb844274094b0e2c31b187
  React-runtimeexecutor: dec32ee6f2e2a26e13e58152271535fadff5455a
  ReactCommon: 57b69f6383eafcbd7da625bfa6003810332313c4
  RNPermissions: 34d678157c800b25b22a488e4d8babb57456e796
  RNVectorIcons: 31cebfcf94e8cf8686eb5303ae0357da64d7a5a4
  Yoga: e7dc4e71caba6472ff48ad7d234389b91dadc280

PODFILE CHECKSUM: dccbc51e172e6676726e547a1885eebc1aec8b9b

COCOAPODS: 1.11.2
