PODS:
  - boost-for-react-native (1.63.0)
  - DoubleConversion (1.1.6)
  - FBLazyVector (0.64.2)
  - FBReactNativeSpec (0.64.2):
    - RCT-Folly (= 2020.01.13.00)
    - RCTRequired (= 0.64.2)
    - RCTTypeSafety (= 0.64.2)
    - React-Core (= 0.64.2)
    - React-jsi (= 0.64.2)
    - ReactCommon/turbomodule/core (= 0.64.2)
  - glog (0.3.5)
  - Permission-AppTrackingTransparency (3.0.4):
    - RNPermissions
  - Permission-BluetoothPeripheral (3.0.4):
    - RNPermissions
  - Permission-Calendars (3.0.4):
    - RNPermissions
  - Permission-Camera (3.0.4):
    - RNPermissions
  - Permission-Contacts (3.0.4):
    - RNPermissions
  - Permission-FaceID (3.0.4):
    - RNPermissions
  - Permission-LocationAccuracy (3.0.4):
    - RNPermissions
  - Permission-LocationAlways (3.0.4):
    - RNPermissions
  - Permission-LocationWhenInUse (3.0.4):
    - RNPermissions
  - Permission-MediaLibrary (3.0.4):
    - RNPermissions
  - Permission-Microphone (3.0.4):
    - RNPermissions
  - Permission-Motion (3.0.4):
    - RNPermissions
  - Permission-Notifications (3.0.4):
    - RNPermissions
  - Permission-PhotoLibrary (3.0.4):
    - RNPermissions
  - Permission-PhotoLibraryAddOnly (3.0.4):
    - RNPermissions
  - Permission-Reminders (3.0.4):
    - RNPermissions
  - Permission-SpeechRecognition (3.0.4):
    - RNPermissions
  - Permission-StoreKit (3.0.4):
    - RNPermissions
  - RCT-Folly (2020.01.13.00):
    - boost-for-react-native
    - DoubleConversion
    - glog
    - RCT-Folly/Default (= 2020.01.13.00)
  - RCT-Folly/Default (2020.01.13.00):
    - boost-for-react-native
    - DoubleConversion
    - glog
  - RCTRequired (0.64.2)
  - RCTTypeSafety (0.64.2):
    - FBLazyVector (= 0.64.2)
    - RCT-Folly (= 2020.01.13.00)
    - RCTRequired (= 0.64.2)
    - React-Core (= 0.64.2)
  - React (0.64.2):
    - React-Core (= 0.64.2)
    - React-Core/DevSupport (= 0.64.2)
    - React-Core/RCTWebSocket (= 0.64.2)
    - React-RCTActionSheet (= 0.64.2)
    - React-RCTAnimation (= 0.64.2)
    - React-RCTBlob (= 0.64.2)
    - React-RCTImage (= 0.64.2)
    - React-RCTLinking (= 0.64.2)
    - React-RCTNetwork (= 0.64.2)
    - React-RCTSettings (= 0.64.2)
    - React-RCTText (= 0.64.2)
    - React-RCTVibration (= 0.64.2)
  - React-callinvoker (0.64.2)
  - React-Core (0.64.2):
    - glog
    - RCT-Folly (= 2020.01.13.00)
    - React-Core/Default (= 0.64.2)
    - React-cxxreact (= 0.64.2)
    - React-jsi (= 0.64.2)
    - React-jsiexecutor (= 0.64.2)
    - React-perflogger (= 0.64.2)
    - Yoga
  - React-Core/CoreModulesHeaders (0.64.2):
    - glog
    - RCT-Folly (= 2020.01.13.00)
    - React-Core/Default
    - React-cxxreact (= 0.64.2)
    - React-jsi (= 0.64.2)
    - React-jsiexecutor (= 0.64.2)
    - React-perflogger (= 0.64.2)
    - Yoga
  - React-Core/Default (0.64.2):
    - glog
    - RCT-Folly (= 2020.01.13.00)
    - React-cxxreact (= 0.64.2)
    - React-jsi (= 0.64.2)
    - React-jsiexecutor (= 0.64.2)
    - React-perflogger (= 0.64.2)
    - Yoga
  - React-Core/DevSupport (0.64.2):
    - glog
    - RCT-Folly (= 2020.01.13.00)
    - React-Core/Default (= 0.64.2)
    - React-Core/RCTWebSocket (= 0.64.2)
    - React-cxxreact (= 0.64.2)
    - React-jsi (= 0.64.2)
    - React-jsiexecutor (= 0.64.2)
    - React-jsinspector (= 0.64.2)
    - React-perflogger (= 0.64.2)
    - Yoga
  - React-Core/RCTActionSheetHeaders (0.64.2):
    - glog
    - RCT-Folly (= 2020.01.13.00)
    - React-Core/Default
    - React-cxxreact (= 0.64.2)
    - React-jsi (= 0.64.2)
    - React-jsiexecutor (= 0.64.2)
    - React-perflogger (= 0.64.2)
    - Yoga
  - React-Core/RCTAnimationHeaders (0.64.2):
    - glog
    - RCT-Folly (= 2020.01.13.00)
    - React-Core/Default
    - React-cxxreact (= 0.64.2)
    - React-jsi (= 0.64.2)
    - React-jsiexecutor (= 0.64.2)
    - React-perflogger (= 0.64.2)
    - Yoga
  - React-Core/RCTBlobHeaders (0.64.2):
    - glog
    - RCT-Folly (= 2020.01.13.00)
    - React-Core/Default
    - React-cxxreact (= 0.64.2)
    - React-jsi (= 0.64.2)
    - React-jsiexecutor (= 0.64.2)
    - React-perflogger (= 0.64.2)
    - Yoga
  - React-Core/RCTImageHeaders (0.64.2):
    - glog
    - RCT-Folly (= 2020.01.13.00)
    - React-Core/Default
    - React-cxxreact (= 0.64.2)
    - React-jsi (= 0.64.2)
    - React-jsiexecutor (= 0.64.2)
    - React-perflogger (= 0.64.2)
    - Yoga
  - React-Core/RCTLinkingHeaders (0.64.2):
    - glog
    - RCT-Folly (= 2020.01.13.00)
    - React-Core/Default
    - React-cxxreact (= 0.64.2)
    - React-jsi (= 0.64.2)
    - React-jsiexecutor (= 0.64.2)
    - React-perflogger (= 0.64.2)
    - Yoga
  - React-Core/RCTNetworkHeaders (0.64.2):
    - glog
    - RCT-Folly (= 2020.01.13.00)
    - React-Core/Default
    - React-cxxreact (= 0.64.2)
    - React-jsi (= 0.64.2)
    - React-jsiexecutor (= 0.64.2)
    - React-perflogger (= 0.64.2)
    - Yoga
  - React-Core/RCTSettingsHeaders (0.64.2):
    - glog
    - RCT-Folly (= 2020.01.13.00)
    - React-Core/Default
    - React-cxxreact (= 0.64.2)
    - React-jsi (= 0.64.2)
    - React-jsiexecutor (= 0.64.2)
    - React-perflogger (= 0.64.2)
    - Yoga
  - React-Core/RCTTextHeaders (0.64.2):
    - glog
    - RCT-Folly (= 2020.01.13.00)
    - React-Core/Default
    - React-cxxreact (= 0.64.2)
    - React-jsi (= 0.64.2)
    - React-jsiexecutor (= 0.64.2)
    - React-perflogger (= 0.64.2)
    - Yoga
  - React-Core/RCTVibrationHeaders (0.64.2):
    - glog
    - RCT-Folly (= 2020.01.13.00)
    - React-Core/Default
    - React-cxxreact (= 0.64.2)
    - React-jsi (= 0.64.2)
    - React-jsiexecutor (= 0.64.2)
    - React-perflogger (= 0.64.2)
    - Yoga
  - React-Core/RCTWebSocket (0.64.2):
    - glog
    - RCT-Folly (= 2020.01.13.00)
    - React-Core/Default (= 0.64.2)
    - React-cxxreact (= 0.64.2)
    - React-jsi (= 0.64.2)
    - React-jsiexecutor (= 0.64.2)
    - React-perflogger (= 0.64.2)
    - Yoga
  - React-CoreModules (0.64.2):
    - FBReactNativeSpec (= 0.64.2)
    - RCT-Folly (= 2020.01.13.00)
    - RCTTypeSafety (= 0.64.2)
    - React-Core/CoreModulesHeaders (= 0.64.2)
    - React-jsi (= 0.64.2)
    - React-RCTImage (= 0.64.2)
    - ReactCommon/turbomodule/core (= 0.64.2)
  - React-cxxreact (0.64.2):
    - boost-for-react-native (= 1.63.0)
    - DoubleConversion
    - glog
    - RCT-Folly (= 2020.01.13.00)
    - React-callinvoker (= 0.64.2)
    - React-jsi (= 0.64.2)
    - React-jsinspector (= 0.64.2)
    - React-perflogger (= 0.64.2)
    - React-runtimeexecutor (= 0.64.2)
  - React-jsi (0.64.2):
    - boost-for-react-native (= 1.63.0)
    - DoubleConversion
    - glog
    - RCT-Folly (= 2020.01.13.00)
    - React-jsi/Default (= 0.64.2)
  - React-jsi/Default (0.64.2):
    - boost-for-react-native (= 1.63.0)
    - DoubleConversion
    - glog
    - RCT-Folly (= 2020.01.13.00)
  - React-jsiexecutor (0.64.2):
    - DoubleConversion
    - glog
    - RCT-Folly (= 2020.01.13.00)
    - React-cxxreact (= 0.64.2)
    - React-jsi (= 0.64.2)
    - React-perflogger (= 0.64.2)
  - React-jsinspector (0.64.2)
  - React-perflogger (0.64.2)
  - React-RCTActionSheet (0.64.2):
    - React-Core/RCTActionSheetHeaders (= 0.64.2)
  - React-RCTAnimation (0.64.2):
    - FBReactNativeSpec (= 0.64.2)
    - RCT-Folly (= 2020.01.13.00)
    - RCTTypeSafety (= 0.64.2)
    - React-Core/RCTAnimationHeaders (= 0.64.2)
    - React-jsi (= 0.64.2)
    - ReactCommon/turbomodule/core (= 0.64.2)
  - React-RCTBlob (0.64.2):
    - FBReactNativeSpec (= 0.64.2)
    - RCT-Folly (= 2020.01.13.00)
    - React-Core/RCTBlobHeaders (= 0.64.2)
    - React-Core/RCTWebSocket (= 0.64.2)
    - React-jsi (= 0.64.2)
    - React-RCTNetwork (= 0.64.2)
    - ReactCommon/turbomodule/core (= 0.64.2)
  - React-RCTImage (0.64.2):
    - FBReactNativeSpec (= 0.64.2)
    - RCT-Folly (= 2020.01.13.00)
    - RCTTypeSafety (= 0.64.2)
    - React-Core/RCTImageHeaders (= 0.64.2)
    - React-jsi (= 0.64.2)
    - React-RCTNetwork (= 0.64.2)
    - ReactCommon/turbomodule/core (= 0.64.2)
  - React-RCTLinking (0.64.2):
    - FBReactNativeSpec (= 0.64.2)
    - React-Core/RCTLinkingHeaders (= 0.64.2)
    - React-jsi (= 0.64.2)
    - ReactCommon/turbomodule/core (= 0.64.2)
  - React-RCTNetwork (0.64.2):
    - FBReactNativeSpec (= 0.64.2)
    - RCT-Folly (= 2020.01.13.00)
    - RCTTypeSafety (= 0.64.2)
    - React-Core/RCTNetworkHeaders (= 0.64.2)
    - React-jsi (= 0.64.2)
    - ReactCommon/turbomodule/core (= 0.64.2)
  - React-RCTSettings (0.64.2):
    - FBReactNativeSpec (= 0.64.2)
    - RCT-Folly (= 2020.01.13.00)
    - RCTTypeSafety (= 0.64.2)
    - React-Core/RCTSettingsHeaders (= 0.64.2)
    - React-jsi (= 0.64.2)
    - ReactCommon/turbomodule/core (= 0.64.2)
  - React-RCTText (0.64.2):
    - React-Core/RCTTextHeaders (= 0.64.2)
  - React-RCTVibration (0.64.2):
    - FBReactNativeSpec (= 0.64.2)
    - RCT-Folly (= 2020.01.13.00)
    - React-Core/RCTVibrationHeaders (= 0.64.2)
    - React-jsi (= 0.64.2)
    - ReactCommon/turbomodule/core (= 0.64.2)
  - React-runtimeexecutor (0.64.2):
    - React-jsi (= 0.64.2)
  - ReactCommon/turbomodule/core (0.64.2):
    - DoubleConversion
    - glog
    - RCT-Folly (= 2020.01.13.00)
    - React-callinvoker (= 0.64.2)
    - React-Core (= 0.64.2)
    - React-cxxreact (= 0.64.2)
    - React-jsi (= 0.64.2)
    - React-perflogger (= 0.64.2)
  - RNPermissions (3.0.4):
    - React-Core
  - RNVectorIcons (8.1.0):
    - React-Core
  - Yoga (1.14.0)

DEPENDENCIES:
  - DoubleConversion (from `../node_modules/react-native/third-party-podspecs/DoubleConversion.podspec`)
  - FBLazyVector (from `../node_modules/react-native/Libraries/FBLazyVector`)
  - FBReactNativeSpec (from `../node_modules/react-native/React/FBReactNativeSpec`)
  - glog (from `../node_modules/react-native/third-party-podspecs/glog.podspec`)
  - Permission-AppTrackingTransparency (from `../node_modules/react-native-permissions/ios/AppTrackingTransparency`)
  - Permission-BluetoothPeripheral (from `../node_modules/react-native-permissions/ios/BluetoothPeripheral`)
  - Permission-Calendars (from `../node_modules/react-native-permissions/ios/Calendars`)
  - Permission-Camera (from `../node_modules/react-native-permissions/ios/Camera`)
  - Permission-Contacts (from `../node_modules/react-native-permissions/ios/Contacts`)
  - Permission-FaceID (from `../node_modules/react-native-permissions/ios/FaceID`)
  - Permission-LocationAccuracy (from `../node_modules/react-native-permissions/ios/LocationAccuracy`)
  - Permission-LocationAlways (from `../node_modules/react-native-permissions/ios/LocationAlways`)
  - Permission-LocationWhenInUse (from `../node_modules/react-native-permissions/ios/LocationWhenInUse`)
  - Permission-MediaLibrary (from `../node_modules/react-native-permissions/ios/MediaLibrary`)
  - Permission-Microphone (from `../node_modules/react-native-permissions/ios/Microphone`)
  - Permission-Motion (from `../node_modules/react-native-permissions/ios/Motion`)
  - Permission-Notifications (from `../node_modules/react-native-permissions/ios/Notifications`)
  - Permission-PhotoLibrary (from `../node_modules/react-native-permissions/ios/PhotoLibrary`)
  - Permission-PhotoLibraryAddOnly (from `../node_modules/react-native-permissions/ios/PhotoLibraryAddOnly`)
  - Permission-Reminders (from `../node_modules/react-native-permissions/ios/Reminders`)
  - Permission-SpeechRecognition (from `../node_modules/react-native-permissions/ios/SpeechRecognition`)
  - Permission-StoreKit (from `../node_modules/react-native-permissions/ios/StoreKit`)
  - RCT-Folly (from `../node_modules/react-native/third-party-podspecs/RCT-Folly.podspec`)
  - RCTRequired (from `../node_modules/react-native/Libraries/RCTRequired`)
  - RCTTypeSafety (from `../node_modules/react-native/Libraries/TypeSafety`)
  - React (from `../node_modules/react-native/`)
  - React-callinvoker (from `../node_modules/react-native/ReactCommon/callinvoker`)
  - React-Core (from `../node_modules/react-native/`)
  - React-Core/DevSupport (from `../node_modules/react-native/`)
  - React-Core/RCTWebSocket (from `../node_modules/react-native/`)
  - React-CoreModules (from `../node_modules/react-native/React/CoreModules`)
  - React-cxxreact (from `../node_modules/react-native/ReactCommon/cxxreact`)
  - React-jsi (from `../node_modules/react-native/ReactCommon/jsi`)
  - React-jsiexecutor (from `../node_modules/react-native/ReactCommon/jsiexecutor`)
  - React-jsinspector (from `../node_modules/react-native/ReactCommon/jsinspector`)
  - React-perflogger (from `../node_modules/react-native/ReactCommon/reactperflogger`)
  - React-RCTActionSheet (from `../node_modules/react-native/Libraries/ActionSheetIOS`)
  - React-RCTAnimation (from `../node_modules/react-native/Libraries/NativeAnimation`)
  - React-RCTBlob (from `../node_modules/react-native/Libraries/Blob`)
  - React-RCTImage (from `../node_modules/react-native/Libraries/Image`)
  - React-RCTLinking (from `../node_modules/react-native/Libraries/LinkingIOS`)
  - React-RCTNetwork (from `../node_modules/react-native/Libraries/Network`)
  - React-RCTSettings (from `../node_modules/react-native/Libraries/Settings`)
  - React-RCTText (from `../node_modules/react-native/Libraries/Text`)
  - React-RCTVibration (from `../node_modules/react-native/Libraries/Vibration`)
  - React-runtimeexecutor (from `../node_modules/react-native/ReactCommon/runtimeexecutor`)
  - ReactCommon/turbomodule/core (from `../node_modules/react-native/ReactCommon`)
  - RNPermissions (from `../node_modules/react-native-permissions`)
  - RNVectorIcons (from `../node_modules/react-native-vector-icons`)
  - Yoga (from `../node_modules/react-native/ReactCommon/yoga`)

SPEC REPOS:
  trunk:
    - boost-for-react-native

EXTERNAL SOURCES:
  DoubleConversion:
    :podspec: "../node_modules/react-native/third-party-podspecs/DoubleConversion.podspec"
  FBLazyVector:
    :path: "../node_modules/react-native/Libraries/FBLazyVector"
  FBReactNativeSpec:
    :path: "../node_modules/react-native/React/FBReactNativeSpec"
  glog:
    :podspec: "../node_modules/react-native/third-party-podspecs/glog.podspec"
  Permission-AppTrackingTransparency:
    :path: "../node_modules/react-native-permissions/ios/AppTrackingTransparency"
  Permission-BluetoothPeripheral:
    :path: "../node_modules/react-native-permissions/ios/BluetoothPeripheral"
  Permission-Calendars:
    :path: "../node_modules/react-native-permissions/ios/Calendars"
  Permission-Camera:
    :path: "../node_modules/react-native-permissions/ios/Camera"
  Permission-Contacts:
    :path: "../node_modules/react-native-permissions/ios/Contacts"
  Permission-FaceID:
    :path: "../node_modules/react-native-permissions/ios/FaceID"
  Permission-LocationAccuracy:
    :path: "../node_modules/react-native-permissions/ios/LocationAccuracy"
  Permission-LocationAlways:
    :path: "../node_modules/react-native-permissions/ios/LocationAlways"
  Permission-LocationWhenInUse:
    :path: "../node_modules/react-native-permissions/ios/LocationWhenInUse"
  Permission-MediaLibrary:
    :path: "../node_modules/react-native-permissions/ios/MediaLibrary"
  Permission-Microphone:
    :path: "../node_modules/react-native-permissions/ios/Microphone"
  Permission-Motion:
    :path: "../node_modules/react-native-permissions/ios/Motion"
  Permission-Notifications:
    :path: "../node_modules/react-native-permissions/ios/Notifications"
  Permission-PhotoLibrary:
    :path: "../node_modules/react-native-permissions/ios/PhotoLibrary"
  Permission-PhotoLibraryAddOnly:
    :path: "../node_modules/react-native-permissions/ios/PhotoLibraryAddOnly"
  Permission-Reminders:
    :path: "../node_modules/react-native-permissions/ios/Reminders"
  Permission-SpeechRecognition:
    :path: "../node_modules/react-native-permissions/ios/SpeechRecognition"
  Permission-StoreKit:
    :path: "../node_modules/react-native-permissions/ios/StoreKit"
  RCT-Folly:
    :podspec: "../node_modules/react-native/third-party-podspecs/RCT-Folly.podspec"
  RCTRequired:
    :path: "../node_modules/react-native/Libraries/RCTRequired"
  RCTTypeSafety:
    :path: "../node_modules/react-native/Libraries/TypeSafety"
  React:
    :path: "../node_modules/react-native/"
  React-callinvoker:
    :path: "../node_modules/react-native/ReactCommon/callinvoker"
  React-Core:
    :path: "../node_modules/react-native/"
  React-CoreModules:
    :path: "../node_modules/react-native/React/CoreModules"
  React-cxxreact:
    :path: "../node_modules/react-native/ReactCommon/cxxreact"
  React-jsi:
    :path: "../node_modules/react-native/ReactCommon/jsi"
  React-jsiexecutor:
    :path: "../node_modules/react-native/ReactCommon/jsiexecutor"
  React-jsinspector:
    :path: "../node_modules/react-native/ReactCommon/jsinspector"
  React-perflogger:
    :path: "../node_modules/react-native/ReactCommon/reactperflogger"
  React-RCTActionSheet:
    :path: "../node_modules/react-native/Libraries/ActionSheetIOS"
  React-RCTAnimation:
    :path: "../node_modules/react-native/Libraries/NativeAnimation"
  React-RCTBlob:
    :path: "../node_modules/react-native/Libraries/Blob"
  React-RCTImage:
    :path: "../node_modules/react-native/Libraries/Image"
  React-RCTLinking:
    :path: "../node_modules/react-native/Libraries/LinkingIOS"
  React-RCTNetwork:
    :path: "../node_modules/react-native/Libraries/Network"
  React-RCTSettings:
    :path: "../node_modules/react-native/Libraries/Settings"
  React-RCTText:
    :path: "../node_modules/react-native/Libraries/Text"
  React-RCTVibration:
    :path: "../node_modules/react-native/Libraries/Vibration"
  React-runtimeexecutor:
    :path: "../node_modules/react-native/ReactCommon/runtimeexecutor"
  ReactCommon:
    :path: "../node_modules/react-native/ReactCommon"
  RNPermissions:
    :path: "../node_modules/react-native-permissions"
  RNVectorIcons:
    :path: "../node_modules/react-native-vector-icons"
  Yoga:
    :path: "../node_modules/react-native/ReactCommon/yoga"

SPEC CHECKSUMS:
  boost-for-react-native: 39c7adb57c4e60d6c5479dd8623128eb5b3f0f2c
  DoubleConversion: cf9b38bf0b2d048436d9a82ad2abe1404f11e7de
  FBLazyVector: e686045572151edef46010a6f819ade377dfeb4b
  FBReactNativeSpec: d3715df9a725e4b2dcb862b042101084894e93e3
  glog: 73c2498ac6884b13ede40eda8228cb1eee9d9d62
  Permission-AppTrackingTransparency: 21cd33c7b23b1417472a92990cab26db571fb350
  Permission-BluetoothPeripheral: 6654cd32139ab114f223eb3f34465458ef33f981
  Permission-Calendars: 5984a617996777b0571dbe0881b88020f3474e7c
  Permission-Camera: 24ceae07ab2f6c14929af4ae9431531c12837198
  Permission-Contacts: 2c67f9c9ec8f10703d3e782c9e57bbb1fbf8b859
  Permission-FaceID: 08fb46ef7198bd72a3a1afef344d4189e5c8e9e0
  Permission-LocationAccuracy: 97eebc22ccd511f977742069190ef59f3b9c69eb
  Permission-LocationAlways: 07798cab7555e6bd51ecd1328f49684490ac145f
  Permission-LocationWhenInUse: b1a91518d2d895ef88381b2b96f7893023482968
  Permission-MediaLibrary: 2dbd4facae00a77b9f684a940264f405758d568c
  Permission-Microphone: 3dc35bf3c3f7212c6f87134143544ac611229ef3
  Permission-Motion: d17a419d1c581607a142cf509529c57bcce4bd4d
  Permission-Notifications: 8cb4ccb01161ed43a481412a4fc7cc853c6bc5d5
  Permission-PhotoLibrary: 86ebbf0f170b4b66e3eeb26f269548e3032cf892
  Permission-PhotoLibraryAddOnly: 42432c652ab4375082b385f03dfe5f6562b6e205
  Permission-Reminders: 774476736d11d46e02db380e1f9793b1e717970b
  Permission-SpeechRecognition: b0f1ed773fb502a2dfb3efcf8756e5de991e0acb
  Permission-StoreKit: 3089a396d4378fb7575bec3361be9c397a4ca060
  RCT-Folly: ec7a233ccc97cc556cf7237f0db1ff65b986f27c
  RCTRequired: 6d3e854f0e7260a648badd0d44fc364bc9da9728
  RCTTypeSafety: c1f31d19349c6b53085766359caac425926fafaa
  React: bda6b6d7ae912de97d7a61aa5c160db24aa2ad69
  React-callinvoker: 9840ea7e8e88ed73d438edb725574820b29b5baa
  React-Core: b5e385da7ce5f16a220fc60fd0749eae2c6120f0
  React-CoreModules: 17071a4e2c5239b01585f4aa8070141168ab298f
  React-cxxreact: 9be7b6340ed9f7c53e53deca7779f07cd66525ba
  React-jsi: 67747b9722f6dab2ffe15b011bcf6b3f2c3f1427
  React-jsiexecutor: 80c46bd381fd06e418e0d4f53672dc1d1945c4c3
  React-jsinspector: cc614ec18a9ca96fd275100c16d74d62ee11f0ae
  React-perflogger: 25373e382fed75ce768a443822f07098a15ab737
  React-RCTActionSheet: af7796ba49ffe4ca92e7277a5d992d37203f7da5
  React-RCTAnimation: 6a2e76ab50c6f25b428d81b76a5a45351c4d77aa
  React-RCTBlob: 02a2887023e0eed99391b6445b2e23a2a6f9226d
  React-RCTImage: ce5bf8e7438f2286d9b646a05d6ab11f38b0323d
  React-RCTLinking: ccd20742de14e020cb5f99d5c7e0bf0383aefbd9
  React-RCTNetwork: dfb9d089ab0753e5e5f55fc4b1210858f7245647
  React-RCTSettings: b14aef2d83699e48b410fb7c3ba5b66cd3291ae2
  React-RCTText: 41a2e952dd9adc5caf6fb68ed46b275194d5da5f
  React-RCTVibration: 24600e3b1aaa77126989bc58b6747509a1ba14f3
  React-runtimeexecutor: a9904c6d0218fb9f8b19d6dd88607225927668f9
  ReactCommon: 149906e01aa51142707a10665185db879898e966
  RNPermissions: 3557cd26037ce994820da29b2bf97f38cc43f512
  RNVectorIcons: 31cebfcf94e8cf8686eb5303ae0357da64d7a5a4
  Yoga: 575c581c63e0d35c9a83f4b46d01d63abc1100ac

PODFILE CHECKSUM: 7a5c559cca0069e8af8ccb0670ece56d49292a54

COCOAPODS: 1.10.1
