// !$*UTF8*$!
{
	archiveVersion = 1;
	classes = {
	};
	objectVersion = 46;
	objects = {

/* Begin PBXBuildFile section */
		488FE29C200BC8A100E05AB0 /* RNPMediaLibrary.m in Sources */ = {isa = PBXBuildFile; fileRef = 488FE29B200BC8A100E05AB0 /* RNPMediaLibrary.m */; };
		488FE2A2200BCED100E05AB0 /* MediaPlayer.framework in Frameworks */ = {isa = PBXBuildFile; fileRef = 488FE2A1200BCEC900E05AB0 /* MediaPlayer.framework */; };
		669581F71FE4416B008596CD /* RCTConvert+RNPStatus.m in Sources */ = {isa = PBXBuildFile; fileRef = 669581F41FE4416B008596CD /* RCTConvert+RNPStatus.m */; };
		669581F81FE4416B008596CD /* ReactNativePermissions.m in Sources */ = {isa = PBXBuildFile; fileRef = 669581F51FE4416B008596CD /* ReactNativePermissions.m */; };
		6695820D1FE441A8008596CD /* RNPSpeechRecognition.m in Sources */ = {isa = PBXBuildFile; fileRef = 669581FD1FE441A7008596CD /* RNPSpeechRecognition.m */; };
		6695820E1FE441A8008596CD /* RNPLocation.m in Sources */ = {isa = PBXBuildFile; fileRef = 669581FE1FE441A7008596CD /* RNPLocation.m */; };
		6695820F1FE441A8008596CD /* RNPBluetooth.m in Sources */ = {isa = PBXBuildFile; fileRef = 669581FF1FE441A7008596CD /* RNPBluetooth.m */; };
		669582101FE441A8008596CD /* RNPBackgroundRefresh.m in Sources */ = {isa = PBXBuildFile; fileRef = 669582001FE441A7008596CD /* RNPBackgroundRefresh.m */; };
		669582111FE441A8008596CD /* RNPNotification.m in Sources */ = {isa = PBXBuildFile; fileRef = 669582011FE441A7008596CD /* RNPNotification.m */; };
		669582121FE441A8008596CD /* RNPPhoto.m in Sources */ = {isa = PBXBuildFile; fileRef = 669582031FE441A7008596CD /* RNPPhoto.m */; };
		669582131FE441A8008596CD /* RNPAudioVideo.m in Sources */ = {isa = PBXBuildFile; fileRef = 669582071FE441A7008596CD /* RNPAudioVideo.m */; };
		669582141FE441A8008596CD /* RNPContacts.m in Sources */ = {isa = PBXBuildFile; fileRef = 669582081FE441A8008596CD /* RNPContacts.m */; };
		669582151FE441A8008596CD /* RNPEvent.m in Sources */ = {isa = PBXBuildFile; fileRef = 6695820A1FE441A8008596CD /* RNPEvent.m */; };
		D0AD62322000657000D89898 /* RNPMotion.m in Sources */ = {isa = PBXBuildFile; fileRef = D0AD62312000657000D89898 /* RNPMotion.m */; };
/* End PBXBuildFile section */

/* Begin PBXCopyFilesBuildPhase section */
		9D23B34D1C767B80008B4819 /* CopyFiles */ = {
			isa = PBXCopyFilesBuildPhase;
			buildActionMask = 2147483647;
			dstPath = "include/$(PRODUCT_NAME)";
			dstSubfolderSpec = 16;
			files = (
			);
			runOnlyForDeploymentPostprocessing = 0;
		};
/* End PBXCopyFilesBuildPhase section */

/* Begin PBXFileReference section */
		488FE29B200BC8A100E05AB0 /* RNPMediaLibrary.m */ = {isa = PBXFileReference; lastKnownFileType = sourcecode.c.objc; path = RNPMediaLibrary.m; sourceTree = "<group>"; };
		488FE29D200BC8D200E05AB0 /* RNPMediaLibrary.h */ = {isa = PBXFileReference; lastKnownFileType = sourcecode.c.h; path = RNPMediaLibrary.h; sourceTree = "<group>"; };
		488FE2A1200BCEC900E05AB0 /* MediaPlayer.framework */ = {isa = PBXFileReference; lastKnownFileType = wrapper.framework; name = MediaPlayer.framework; path = System/Library/Frameworks/MediaPlayer.framework; sourceTree = SDKROOT; };
		669581F31FE4416B008596CD /* ReactNativePermissions.h */ = {isa = PBXFileReference; fileEncoding = 4; lastKnownFileType = sourcecode.c.h; path = ReactNativePermissions.h; sourceTree = "<group>"; };
		669581F41FE4416B008596CD /* RCTConvert+RNPStatus.m */ = {isa = PBXFileReference; fileEncoding = 4; lastKnownFileType = sourcecode.c.objc; path = "RCTConvert+RNPStatus.m"; sourceTree = "<group>"; };
		669581F51FE4416B008596CD /* ReactNativePermissions.m */ = {isa = PBXFileReference; fileEncoding = 4; lastKnownFileType = sourcecode.c.objc; path = ReactNativePermissions.m; sourceTree = "<group>"; };
		669581F61FE4416B008596CD /* RCTConvert+RNPStatus.h */ = {isa = PBXFileReference; fileEncoding = 4; lastKnownFileType = sourcecode.c.h; path = "RCTConvert+RNPStatus.h"; sourceTree = "<group>"; };
		669581FB1FE441A7008596CD /* RNPContacts.h */ = {isa = PBXFileReference; fileEncoding = 4; lastKnownFileType = sourcecode.c.h; path = RNPContacts.h; sourceTree = "<group>"; };
		669581FC1FE441A7008596CD /* RNPPhoto.h */ = {isa = PBXFileReference; fileEncoding = 4; lastKnownFileType = sourcecode.c.h; path = RNPPhoto.h; sourceTree = "<group>"; };
		669581FD1FE441A7008596CD /* RNPSpeechRecognition.m */ = {isa = PBXFileReference; fileEncoding = 4; lastKnownFileType = sourcecode.c.objc; path = RNPSpeechRecognition.m; sourceTree = "<group>"; };
		669581FE1FE441A7008596CD /* RNPLocation.m */ = {isa = PBXFileReference; fileEncoding = 4; lastKnownFileType = sourcecode.c.objc; path = RNPLocation.m; sourceTree = "<group>"; };
		669581FF1FE441A7008596CD /* RNPBluetooth.m */ = {isa = PBXFileReference; fileEncoding = 4; lastKnownFileType = sourcecode.c.objc; path = RNPBluetooth.m; sourceTree = "<group>"; };
		669582001FE441A7008596CD /* RNPBackgroundRefresh.m */ = {isa = PBXFileReference; fileEncoding = 4; lastKnownFileType = sourcecode.c.objc; path = RNPBackgroundRefresh.m; sourceTree = "<group>"; };
		669582011FE441A7008596CD /* RNPNotification.m */ = {isa = PBXFileReference; fileEncoding = 4; lastKnownFileType = sourcecode.c.objc; path = RNPNotification.m; sourceTree = "<group>"; };
		669582021FE441A7008596CD /* RNPLocation.h */ = {isa = PBXFileReference; fileEncoding = 4; lastKnownFileType = sourcecode.c.h; path = RNPLocation.h; sourceTree = "<group>"; };
		669582031FE441A7008596CD /* RNPPhoto.m */ = {isa = PBXFileReference; fileEncoding = 4; lastKnownFileType = sourcecode.c.objc; path = RNPPhoto.m; sourceTree = "<group>"; };
		669582041FE441A7008596CD /* RNPAudioVideo.h */ = {isa = PBXFileReference; fileEncoding = 4; lastKnownFileType = sourcecode.c.h; path = RNPAudioVideo.h; sourceTree = "<group>"; };
		669582051FE441A7008596CD /* RNPBackgroundRefresh.h */ = {isa = PBXFileReference; fileEncoding = 4; lastKnownFileType = sourcecode.c.h; path = RNPBackgroundRefresh.h; sourceTree = "<group>"; };
		669582061FE441A7008596CD /* RNPEvent.h */ = {isa = PBXFileReference; fileEncoding = 4; lastKnownFileType = sourcecode.c.h; path = RNPEvent.h; sourceTree = "<group>"; };
		669582071FE441A7008596CD /* RNPAudioVideo.m */ = {isa = PBXFileReference; fileEncoding = 4; lastKnownFileType = sourcecode.c.objc; path = RNPAudioVideo.m; sourceTree = "<group>"; };
		669582081FE441A8008596CD /* RNPContacts.m */ = {isa = PBXFileReference; fileEncoding = 4; lastKnownFileType = sourcecode.c.objc; path = RNPContacts.m; sourceTree = "<group>"; };
		669582091FE441A8008596CD /* RNPBluetooth.h */ = {isa = PBXFileReference; fileEncoding = 4; lastKnownFileType = sourcecode.c.h; path = RNPBluetooth.h; sourceTree = "<group>"; };
		6695820A1FE441A8008596CD /* RNPEvent.m */ = {isa = PBXFileReference; fileEncoding = 4; lastKnownFileType = sourcecode.c.objc; path = RNPEvent.m; sourceTree = "<group>"; };
		6695820B1FE441A8008596CD /* RNPSpeechRecognition.h */ = {isa = PBXFileReference; fileEncoding = 4; lastKnownFileType = sourcecode.c.h; path = RNPSpeechRecognition.h; sourceTree = "<group>"; };
		6695820C1FE441A8008596CD /* RNPNotification.h */ = {isa = PBXFileReference; fileEncoding = 4; lastKnownFileType = sourcecode.c.h; path = RNPNotification.h; sourceTree = "<group>"; };
		9D23B34F1C767B80008B4819 /* libReactNativePermissions.a */ = {isa = PBXFileReference; explicitFileType = archive.ar; includeInIndex = 0; path = libReactNativePermissions.a; sourceTree = BUILT_PRODUCTS_DIR; };
		D0AD62302000656F00D89898 /* RNPMotion.h */ = {isa = PBXFileReference; fileEncoding = 4; lastKnownFileType = sourcecode.c.h; path = RNPMotion.h; sourceTree = "<group>"; };
		D0AD62312000657000D89898 /* RNPMotion.m */ = {isa = PBXFileReference; fileEncoding = 4; lastKnownFileType = sourcecode.c.objc; path = RNPMotion.m; sourceTree = "<group>"; };
/* End PBXFileReference section */

/* Begin PBXFrameworksBuildPhase section */
		9D23B34C1C767B80008B4819 /* Frameworks */ = {
			isa = PBXFrameworksBuildPhase;
			buildActionMask = 2147483647;
			files = (
				488FE2A2200BCED100E05AB0 /* MediaPlayer.framework in Frameworks */,
			);
			runOnlyForDeploymentPostprocessing = 0;
		};
/* End PBXFrameworksBuildPhase section */

/* Begin PBXGroup section */
		488FE2A0200BCEC900E05AB0 /* Frameworks */ = {
			isa = PBXGroup;
			children = (
				488FE2A1200BCEC900E05AB0 /* MediaPlayer.framework */,
			);
			name = Frameworks;
			sourceTree = "<group>";
		};
		669581FA1FE44191008596CD /* Permissions */ = {
			isa = PBXGroup;
			children = (
				669582041FE441A7008596CD /* RNPAudioVideo.h */,
				669582071FE441A7008596CD /* RNPAudioVideo.m */,
				669582051FE441A7008596CD /* RNPBackgroundRefresh.h */,
				669582001FE441A7008596CD /* RNPBackgroundRefresh.m */,
				669582091FE441A8008596CD /* RNPBluetooth.h */,
				669581FF1FE441A7008596CD /* RNPBluetooth.m */,
				488FE29D200BC8D200E05AB0 /* RNPMediaLibrary.h */,
				488FE29B200BC8A100E05AB0 /* RNPMediaLibrary.m */,
				669581FB1FE441A7008596CD /* RNPContacts.h */,
				669582081FE441A8008596CD /* RNPContacts.m */,
				669582061FE441A7008596CD /* RNPEvent.h */,
				6695820A1FE441A8008596CD /* RNPEvent.m */,
				D0AD62302000656F00D89898 /* RNPMotion.h */,
				D0AD62312000657000D89898 /* RNPMotion.m */,
				669582021FE441A7008596CD /* RNPLocation.h */,
				669581FE1FE441A7008596CD /* RNPLocation.m */,
				6695820C1FE441A8008596CD /* RNPNotification.h */,
				669582011FE441A7008596CD /* RNPNotification.m */,
				669581FC1FE441A7008596CD /* RNPPhoto.h */,
				669582031FE441A7008596CD /* RNPPhoto.m */,
				6695820B1FE441A8008596CD /* RNPSpeechRecognition.h */,
				669581FD1FE441A7008596CD /* RNPSpeechRecognition.m */,
			);
			path = Permissions;
			sourceTree = "<group>";
		};
		9D23B3461C767B80008B4819 = {
			isa = PBXGroup;
			children = (
				669581FA1FE44191008596CD /* Permissions */,
				669581F61FE4416B008596CD /* RCTConvert+RNPStatus.h */,
				669581F41FE4416B008596CD /* RCTConvert+RNPStatus.m */,
				669581F31FE4416B008596CD /* ReactNativePermissions.h */,
				669581F51FE4416B008596CD /* ReactNativePermissions.m */,
				9D23B3501C767B80008B4819 /* Products */,
				488FE2A0200BCEC900E05AB0 /* Frameworks */,
			);
			sourceTree = "<group>";
		};
		9D23B3501C767B80008B4819 /* Products */ = {
			isa = PBXGroup;
			children = (
				9D23B34F1C767B80008B4819 /* libReactNativePermissions.a */,
			);
			name = Products;
			sourceTree = "<group>";
		};
/* End PBXGroup section */

/* Begin PBXNativeTarget section */
		9D23B34E1C767B80008B4819 /* ReactNativePermissions */ = {
			isa = PBXNativeTarget;
			buildConfigurationList = 9D23B3581C767B80008B4819 /* Build configuration list for PBXNativeTarget "ReactNativePermissions" */;
			buildPhases = (
				9D23B34B1C767B80008B4819 /* Sources */,
				9D23B34C1C767B80008B4819 /* Frameworks */,
				9D23B34D1C767B80008B4819 /* CopyFiles */,
			);
			buildRules = (
			);
			dependencies = (
			);
			name = ReactNativePermissions;
			productName = ReactNativePermissions;
			productReference = 9D23B34F1C767B80008B4819 /* libReactNativePermissions.a */;
			productType = "com.apple.product-type.library.static";
		};
/* End PBXNativeTarget section */

/* Begin PBXProject section */
		9D23B3471C767B80008B4819 /* Project object */ = {
			isa = PBXProject;
			attributes = {
				LastUpgradeCheck = 0820;
				ORGANIZATIONNAME = "Yonah Forst";
				TargetAttributes = {
					9D23B34E1C767B80008B4819 = {
						CreatedOnToolsVersion = 7.1;
					};
				};
			};
			buildConfigurationList = 9D23B34A1C767B80008B4819 /* Build configuration list for PBXProject "ReactNativePermissions" */;
			compatibilityVersion = "Xcode 3.2";
			developmentRegion = English;
			hasScannedForEncodings = 0;
			knownRegions = (
				en,
			);
			mainGroup = 9D23B3461C767B80008B4819;
			productRefGroup = 9D23B3501C767B80008B4819 /* Products */;
			projectDirPath = "";
			projectRoot = "";
			targets = (
				9D23B34E1C767B80008B4819 /* ReactNativePermissions */,
			);
		};
/* End PBXProject section */

/* Begin PBXSourcesBuildPhase section */
		9D23B34B1C767B80008B4819 /* Sources */ = {
			isa = PBXSourcesBuildPhase;
			buildActionMask = 2147483647;
			files = (
				669582111FE441A8008596CD /* RNPNotification.m in Sources */,
				488FE29C200BC8A100E05AB0 /* RNPMediaLibrary.m in Sources */,
				669582151FE441A8008596CD /* RNPEvent.m in Sources */,
				669582101FE441A8008596CD /* RNPBackgroundRefresh.m in Sources */,
				669581F71FE4416B008596CD /* RCTConvert+RNPStatus.m in Sources */,
				6695820E1FE441A8008596CD /* RNPLocation.m in Sources */,
				6695820F1FE441A8008596CD /* RNPBluetooth.m in Sources */,
				669582141FE441A8008596CD /* RNPContacts.m in Sources */,
				6695820D1FE441A8008596CD /* RNPSpeechRecognition.m in Sources */,
				669582131FE441A8008596CD /* RNPAudioVideo.m in Sources */,
				D0AD62322000657000D89898 /* RNPMotion.m in Sources */,
				669581F81FE4416B008596CD /* ReactNativePermissions.m in Sources */,
				669582121FE441A8008596CD /* RNPPhoto.m in Sources */,
			);
			runOnlyForDeploymentPostprocessing = 0;
		};
/* End PBXSourcesBuildPhase section */

/* Begin XCBuildConfiguration section */
		9D23B3561C767B80008B4819 /* Debug */ = {
			isa = XCBuildConfiguration;
			buildSettings = {
				ALWAYS_SEARCH_USER_PATHS = NO;
				CLANG_CXX_LANGUAGE_STANDARD = "gnu++0x";
				CLANG_CXX_LIBRARY = "libc++";
				CLANG_ENABLE_MODULES = YES;
				CLANG_ENABLE_OBJC_ARC = YES;
				CLANG_WARN_BOOL_CONVERSION = YES;
				CLANG_WARN_CONSTANT_CONVERSION = YES;
				CLANG_WARN_DIRECT_OBJC_ISA_USAGE = YES_ERROR;
				CLANG_WARN_EMPTY_BODY = YES;
				CLANG_WARN_ENUM_CONVERSION = YES;
				CLANG_WARN_INT_CONVERSION = YES;
				CLANG_WARN_OBJC_ROOT_CLASS = YES_ERROR;
				CLANG_WARN_UNREACHABLE_CODE = YES;
				CLANG_WARN__DUPLICATE_METHOD_MATCH = YES;
				"CODE_SIGN_IDENTITY[sdk=iphoneos*]" = "iPhone Developer";
				COPY_PHASE_STRIP = NO;
				DEBUG_INFORMATION_FORMAT = dwarf;
				ENABLE_STRICT_OBJC_MSGSEND = YES;
				ENABLE_TESTABILITY = YES;
				GCC_C_LANGUAGE_STANDARD = gnu99;
				GCC_DYNAMIC_NO_PIC = NO;
				GCC_NO_COMMON_BLOCKS = YES;
				GCC_OPTIMIZATION_LEVEL = 0;
				GCC_PREPROCESSOR_DEFINITIONS = (
					"DEBUG=1",
					"$(inherited)",
				);
				GCC_WARN_64_TO_32_BIT_CONVERSION = YES;
				GCC_WARN_ABOUT_RETURN_TYPE = YES_ERROR;
				GCC_WARN_UNDECLARED_SELECTOR = YES;
				GCC_WARN_UNINITIALIZED_AUTOS = YES_AGGRESSIVE;
				GCC_WARN_UNUSED_FUNCTION = YES;
				GCC_WARN_UNUSED_VARIABLE = YES;
				IPHONEOS_DEPLOYMENT_TARGET = 8.0;
				MTL_ENABLE_DEBUG_INFO = YES;
				ONLY_ACTIVE_ARCH = YES;
				SDKROOT = iphoneos;
			};
			name = Debug;
		};
		9D23B3571C767B80008B4819 /* Release */ = {
			isa = XCBuildConfiguration;
			buildSettings = {
				ALWAYS_SEARCH_USER_PATHS = NO;
				CLANG_CXX_LANGUAGE_STANDARD = "gnu++0x";
				CLANG_CXX_LIBRARY = "libc++";
				CLANG_ENABLE_MODULES = YES;
				CLANG_ENABLE_OBJC_ARC = YES;
				CLANG_WARN_BOOL_CONVERSION = YES;
				CLANG_WARN_CONSTANT_CONVERSION = YES;
				CLANG_WARN_DIRECT_OBJC_ISA_USAGE = YES_ERROR;
				CLANG_WARN_EMPTY_BODY = YES;
				CLANG_WARN_ENUM_CONVERSION = YES;
				CLANG_WARN_INT_CONVERSION = YES;
				CLANG_WARN_OBJC_ROOT_CLASS = YES_ERROR;
				CLANG_WARN_UNREACHABLE_CODE = YES;
				CLANG_WARN__DUPLICATE_METHOD_MATCH = YES;
				"CODE_SIGN_IDENTITY[sdk=iphoneos*]" = "iPhone Developer";
				COPY_PHASE_STRIP = NO;
				DEBUG_INFORMATION_FORMAT = "dwarf-with-dsym";
				ENABLE_NS_ASSERTIONS = NO;
				ENABLE_STRICT_OBJC_MSGSEND = YES;
				GCC_C_LANGUAGE_STANDARD = gnu99;
				GCC_NO_COMMON_BLOCKS = YES;
				GCC_WARN_64_TO_32_BIT_CONVERSION = YES;
				GCC_WARN_ABOUT_RETURN_TYPE = YES_ERROR;
				GCC_WARN_UNDECLARED_SELECTOR = YES;
				GCC_WARN_UNINITIALIZED_AUTOS = YES_AGGRESSIVE;
				GCC_WARN_UNUSED_FUNCTION = YES;
				GCC_WARN_UNUSED_VARIABLE = YES;
				IPHONEOS_DEPLOYMENT_TARGET = 8.0;
				MTL_ENABLE_DEBUG_INFO = NO;
				SDKROOT = iphoneos;
				VALIDATE_PRODUCT = YES;
			};
			name = Release;
		};
		9D23B3591C767B80008B4819 /* Debug */ = {
			isa = XCBuildConfiguration;
			buildSettings = {
				HEADER_SEARCH_PATHS = (
					/Applications/Xcode.app/Contents/Developer/Toolchains/XcodeDefault.xctoolchain/usr/include,
					"$(SRCROOT)/../../React/**",
					"$(SRCROOT)/node_modules/react-native/React/**",
					"$(SRCROOT)/../react-native/React/**",
				);
				OTHER_LDFLAGS = "-ObjC";
				PRODUCT_NAME = "$(TARGET_NAME)";
				SKIP_INSTALL = YES;
			};
			name = Debug;
		};
		9D23B35A1C767B80008B4819 /* Release */ = {
			isa = XCBuildConfiguration;
			buildSettings = {
				HEADER_SEARCH_PATHS = (
					/Applications/Xcode.app/Contents/Developer/Toolchains/XcodeDefault.xctoolchain/usr/include,
					"$(SRCROOT)/../../React/**",
					"$(SRCROOT)/node_modules/react-native/React/**",
					"$(SRCROOT)/../react-native/React/**",
				);
				OTHER_LDFLAGS = "-ObjC";
				PRODUCT_NAME = "$(TARGET_NAME)";
				SKIP_INSTALL = YES;
			};
			name = Release;
		};
/* End XCBuildConfiguration section */

/* Begin XCConfigurationList section */
		9D23B34A1C767B80008B4819 /* Build configuration list for PBXProject "ReactNativePermissions" */ = {
			isa = XCConfigurationList;
			buildConfigurations = (
				9D23B3561C767B80008B4819 /* Debug */,
				9D23B3571C767B80008B4819 /* Release */,
			);
			defaultConfigurationIsVisible = 0;
			defaultConfigurationName = Release;
		};
		9D23B3581C767B80008B4819 /* Build configuration list for PBXNativeTarget "ReactNativePermissions" */ = {
			isa = XCConfigurationList;
			buildConfigurations = (
				9D23B3591C767B80008B4819 /* Debug */,
				9D23B35A1C767B80008B4819 /* Release */,
			);
			defaultConfigurationIsVisible = 0;
			defaultConfigurationName = Release;
		};
/* End XCConfigurationList section */
	};
	rootObject = 9D23B3471C767B80008B4819 /* Project object */;
}
